
Microsoft Visual Studio Solution File, Format Version 12.00
# Visual Studio Version 16
VisualStudioVersion = 16.0.29411.108
MinimumVisualStudioVersion = 10.0.40219.1
Project("{FAE04EC0-301F-11D3-BF4B-00C04F79EFBC}") = "PO v0.0001", "PO v0.0001\PO v0.0001.csproj", "{534391DA-A3F4-4F04-AEC0-2C4EDDFD5DDD}"
EndProject
Global
	GlobalSection(SolutionConfigurationPlatforms) = preSolution
		Debug|Any CPU = Debug|Any CPU
		Release|Any CPU = Release|Any CPU
	EndGlobalSection
	GlobalSection(ProjectConfigurationPlatforms) = postSolution
		{534391DA-A3F4-4F04-AEC0-2C4EDDFD5DDD}.Debug|Any CPU.ActiveCfg = Debug|Any CPU
		{534391DA-A3F4-4F04-AEC0-2C4EDDFD5DDD}.Debug|Any CPU.Build.0 = Debug|Any CPU
		{534391DA-A3F4-4F04-AEC0-2C4EDDFD5DDD}.Release|Any CPU.ActiveCfg = Release|Any CPU
		{534391DA-A3F4-4F04-AEC0-2C4EDDFD5DDD}.Release|Any CPU.Build.0 = Release|Any CPU
	EndGlobalSection
	GlobalSection(SolutionProperties) = preSolution
		HideSolutionNode = FALSE
	EndGlobalSection
	GlobalSection(ExtensibilityGlobals) = postSolution
		SolutionGuid = {025734E5-9C21-4A7C-97DA-D61C2A12A368}
	EndGlobalSection
EndGlobal
